<?xml version="1.0" encoding="utf-8"?>
<Project ToolsVersion="4.0" xmlns="http://schemas.microsoft.com/developer/msbuild/2003">
  <ItemGroup>
    <Filter Include="Source Files">
      <UniqueIdentifier>{4FC737F1-C7A5-4376-A066-2A32D752A2FF}</UniqueIdentifier>
      <Extensions>cpp;c;cc;cxx;def;odl;idl;hpj;bat;asm;asmx</Extensions>
    </Filter>
    <Filter Include="Header Files">
      <UniqueIdentifier>{93995380-89BD-4b04-88EB-625FBE52EBFB}</UniqueIdentifier>
      <Extensions>h;hh;hpp;hxx;hm;inl;inc;ipp;xsd</Extensions>
    </Filter>
    <Filter Include="Resource Files">
      <UniqueIdentifier>{67DA6AB6-F800-4c08-8B7A-83BB121AAD01}</UniqueIdentifier>
      <Extensions>rc;ico;cur;bmp;dlg;rc2;rct;bin;rgs;gif;jpg;jpeg;jpe;resx;tiff;tif;png;wav;mfcribbon-ms</Extensions>
    </Filter>
  </ItemGroup>
  <ItemGroup>
    <ClInclude Include="MFC_WIFI.h">
      <Filter>Header Files</Filter>
    </ClInclude>
    <ClInclude Include="MFC_WIFIDlg.h">
      <Filter>Header Files</Filter>
    </ClInclude>
    <ClInclude Include="framework.h">
      <Filter>Header Files</Filter>
    </ClInclude>
    <ClInclude Include="targetver.h">
      <Filter>Header Files</Filter>
    </ClInclude>
    <ClInclude Include="Resource.h">
      <Filter>Header Files</Filter>
    </ClInclude>
    <ClInclude Include="pch.h">
      <Filter>Header Files</Filter>
    </ClInclude>
    <ClInclude Include="MyWifi.h">
      <Filter>Header Files</Filter>
    </ClInclude>
    <ClInclude Include="LinkWiFiDlg.h">
      <Filter>Header Files</Filter>
    </ClInclude>
  </ItemGroup>
  <ItemGroup>
    <ClCompile Include="MFC_WIFI.cpp">
      <Filter>Source Files</Filter>
    </ClCompile>
    <ClCompile Include="MFC_WIFIDlg.cpp">
      <Filter>Source Files</Filter>
    </ClCompile>
    <ClCompile Include="pch.cpp">
      <Filter>Source Files</Filter>
    </ClCompile>
    <ClCompile Include="MyWifi.cpp">
      <Filter>Source Files</Filter>
    </ClCompile>
    <ClCompile Include="LinkWiFiDlg.cpp">
      <Filter>Source Files</Filter>
    </ClCompile>
  </ItemGroup>
  <ItemGroup>
    <ResourceCompile Include="MFCWIFI.rc">
      <Filter>Resource Files</Filter>
    </ResourceCompile>
  </ItemGroup>
  <ItemGroup>
    <None Include="res\MFCWIFI.rc2">
      <Filter>Resource Files</Filter>
    </None>
  </ItemGroup>
  <ItemGroup>
    <Image Include="res\MFC_WIFI.ico">
      <Filter>Resource Files</Filter>
    </Image>
    <Image Include="..\..\..\Desktop\wifi.ico">
      <Filter>Resource Files</Filter>
    </Image>
    <Image Include="..\..\..\Desktop\wifi1.ico">
      <Filter>Resource Files</Filter>
    </Image>
    <Image Include="D:\OneDrive - Platinum\桌面\wifi1.ico">
      <Filter>Resource Files</Filter>
    </Image>
    <Image Include="D:\OneDrive - Platinum\桌面\wifi2.ico">
      <Filter>Resource Files</Filter>
    </Image>
    <Image Include="D:\OneDrive - Platinum\桌面\wifi3.ico">
      <Filter>Resource Files</Filter>
    </Image>
    <Image Include="D:\OneDrive - Platinum\桌面\wifi4.ico">
      <Filter>Resource Files</Filter>
    </Image>
    <Image Include="D:\OneDrive - Platinum\桌面\wifi.ico">
      <Filter>Resource Files</Filter>
    </Image>
  </ItemGroup>
</Project>